<?xml version="1.0" encoding="utf-8"?>
<Project ToolsVersion="16.0" xmlns="http://schemas.microsoft.com/developer/msbuild/2003">
  <ItemGroup>
    <CustomBuild Include="C:\Users\Daniel\Documents\GitKraker\CPE-476-Project-Curve\slnStuff\CMakeFiles\6eaa321e993f82403946ee589437d230\generate.stamp.rule">
      <Filter>CMake Rules</Filter>
    </CustomBuild>
  </ItemGroup>
  <ItemGroup>
    <Filter Include="CMake Rules">
      <UniqueIdentifier>{83898DED-D123-3130-A473-F63DEF9E8C13}</UniqueIdentifier>
    </Filter>
  </ItemGroup>
</Project>
